
Microsoft Visual Studio Solution File, Format Version 12.00
# Visual Studio Version 16
VisualStudioVersion = 16.0.30907.101
MinimumVisualStudioVersion = 10.0.40219.1
Project("{FAE04EC0-301F-11D3-BF4B-00C04F79EFBC}") = "NotasSEFI", "NotasSEFI\NotasSEFI.csproj", "{3D054CE6-49B5-4EBF-859C-5790EC4CE767}"
EndProject
Global
	GlobalSection(SolutionConfigurationPlatforms) = preSolution
		Debug|Any CPU = Debug|Any CPU
		Release|Any CPU = Release|Any CPU
	EndGlobalSection
	GlobalSection(ProjectConfigurationPlatforms) = postSolution
		{3D054CE6-49B5-4EBF-859C-5790EC4CE767}.Debug|Any CPU.ActiveCfg = Debug|Any CPU
		{3D054CE6-49B5-4EBF-859C-5790EC4CE767}.Debug|Any CPU.Build.0 = Debug|Any CPU
		{3D054CE6-49B5-4EBF-859C-5790EC4CE767}.Release|Any CPU.ActiveCfg = Release|Any CPU
		{3D054CE6-49B5-4EBF-859C-5790EC4CE767}.Release|Any CPU.Build.0 = Release|Any CPU
	EndGlobalSection
	GlobalSection(SolutionProperties) = preSolution
		HideSolutionNode = FALSE
	EndGlobalSection
	GlobalSection(ExtensibilityGlobals) = postSolution
		SolutionGuid = {B37D24ED-F845-4742-BA6D-6D5E2E5BD8D0}
	EndGlobalSection
EndGlobal
